// !$*UTF8*$!
{
	archiveVersion = 1;
	classes = {
	};
	objectVersion = 50;
	objects = {

/* Begin PBXBuildFile section */
		EB749828216C951AEDC721D6 /* Pods_randomAnimation.framework in Frameworks */ = {isa = PBXBuildFile; fileRef = 5B57EAA3998516C73038D71F /* Pods_randomAnimation.framework */; };
		F13C68432668869D00738950 /* AppDelegate.swift in Sources */ = {isa = PBXBuildFile; fileRef = F13C68422668869D00738950 /* AppDelegate.swift */; };
		F13C68452668869D00738950 /* SceneDelegate.swift in Sources */ = {isa = PBXBuildFile; fileRef = F13C68442668869D00738950 /* SceneDelegate.swift */; };
		F13C68472668869D00738950 /* ViewController.swift in Sources */ = {isa = PBXBuildFile; fileRef = F13C68462668869D00738950 /* ViewController.swift */; };
		F13C684A2668869D00738950 /* Main.storyboard in Resources */ = {isa = PBXBuildFile; fileRef = F13C68482668869D00738950 /* Main.storyboard */; };
		F13C684C2668869E00738950 /* Assets.xcassets in Resources */ = {isa = PBXBuildFile; fileRef = F13C684B2668869E00738950 /* Assets.xcassets */; };
		F13C684F2668869E00738950 /* LaunchScreen.storyboard in Resources */ = {isa = PBXBuildFile; fileRef = F13C684D2668869E00738950 /* LaunchScreen.storyboard */; };
/* End PBXBuildFile section */

/* Begin PBXFileReference section */
		5B57EAA3998516C73038D71F /* Pods_randomAnimation.framework */ = {isa = PBXFileReference; explicitFileType = wrapper.framework; includeInIndex = 0; path = Pods_randomAnimation.framework; sourceTree = BUILT_PRODUCTS_DIR; };
		8407293FD4F7C111919CD0F0 /* Pods-randomAnimation.release.xcconfig */ = {isa = PBXFileReference; includeInIndex = 1; lastKnownFileType = text.xcconfig; name = "Pods-randomAnimation.release.xcconfig"; path = "Target Support Files/Pods-randomAnimation/Pods-randomAnimation.release.xcconfig"; sourceTree = "<group>"; };
		F13C683F2668869D00738950 /* randomAnimation.app */ = {isa = PBXFileReference; explicitFileType = wrapper.application; includeInIndex = 0; path = randomAnimation.app; sourceTree = BUILT_PRODUCTS_DIR; };
		F13C68422668869D00738950 /* AppDelegate.swift */ = {isa = PBXFileReference; lastKnownFileType = sourcecode.swift; path = AppDelegate.swift; sourceTree = "<group>"; };
		F13C68442668869D00738950 /* SceneDelegate.swift */ = {isa = PBXFileReference; lastKnownFileType = sourcecode.swift; path = SceneDelegate.swift; sourceTree = "<group>"; };
		F13C68462668869D00738950 /* ViewController.swift */ = {isa = PBXFileReference; lastKnownFileType = sourcecode.swift; path = ViewController.swift; sourceTree = "<group>"; };
		F13C68492668869D00738950 /* Base */ = {isa = PBXFileReference; lastKnownFileType = file.storyboard; name = Base; path = Base.lproj/Main.storyboard; sourceTree = "<group>"; };
		F13C684B2668869E00738950 /* Assets.xcassets */ = {isa = PBXFileReference; lastKnownFileType = folder.assetcatalog; path = Assets.xcassets; sourceTree = "<group>"; };
		F13C684E2668869E00738950 /* Base */ = {isa = PBXFileReference; lastKnownFileType = file.storyboard; name = Base; path = Base.lproj/LaunchScreen.storyboard; sourceTree = "<group>"; };
		F13C68502668869E00738950 /* Info.plist */ = {isa = PBXFileReference; lastKnownFileType = text.plist.xml; path = Info.plist; sourceTree = "<group>"; };
		FBDF6E2A174EEDA7675B98CD /* Pods-randomAnimation.debug.xcconfig */ = {isa = PBXFileReference; includeInIndex = 1; lastKnownFileType = text.xcconfig; name = "Pods-randomAnimation.debug.xcconfig"; path = "Target Support Files/Pods-randomAnimation/Pods-randomAnimation.debug.xcconfig"; sourceTree = "<group>"; };
/* End PBXFileReference section */

/* Begin PBXFrameworksBuildPhase section */
		F13C683C2668869D00738950 /* Frameworks */ = {
			isa = PBXFrameworksBuildPhase;
			buildActionMask = 2147483647;
			files = (
				EB749828216C951AEDC721D6 /* Pods_randomAnimation.framework in Frameworks */,
			);
			runOnlyForDeploymentPostprocessing = 0;
		};
/* End PBXFrameworksBuildPhase section */

/* Begin PBXGroup section */
		D32145759D810983A7CA4C89 /* Frameworks */ = {
			isa = PBXGroup;
			children = (
				5B57EAA3998516C73038D71F /* Pods_randomAnimation.framework */,
			);
			name = Frameworks;
			sourceTree = "<group>";
		};
		F13C68362668869D00738950 = {
			isa = PBXGroup;
			children = (
				F13C68412668869D00738950 /* randomAnimation */,
				F13C68402668869D00738950 /* Products */,
				FC18BB6E728316878164424D /* Pods */,
				D32145759D810983A7CA4C89 /* Frameworks */,
			);
			sourceTree = "<group>";
		};
		F13C68402668869D00738950 /* Products */ = {
			isa = PBXGroup;
			children = (
				F13C683F2668869D00738950 /* randomAnimation.app */,
			);
			name = Products;
			sourceTree = "<group>";
		};
		F13C68412668869D00738950 /* randomAnimation */ = {
			isa = PBXGroup;
			children = (
				F13C68422668869D00738950 /* AppDelegate.swift */,
				F13C68442668869D00738950 /* SceneDelegate.swift */,
				F13C68462668869D00738950 /* ViewController.swift */,
				F13C68482668869D00738950 /* Main.storyboard */,
				F13C684B2668869E00738950 /* Assets.xcassets */,
				F13C684D2668869E00738950 /* LaunchScreen.storyboard */,
				F13C68502668869E00738950 /* Info.plist */,
			);
			path = randomAnimation;
			sourceTree = "<group>";
		};
		FC18BB6E728316878164424D /* Pods */ = {
			isa = PBXGroup;
			children = (
				FBDF6E2A174EEDA7675B98CD /* Pods-randomAnimation.debug.xcconfig */,
				8407293FD4F7C111919CD0F0 /* Pods-randomAnimation.release.xcconfig */,
			);
			name = Pods;
			path = Pods;
			sourceTree = "<group>";
		};
/* End PBXGroup section */

/* Begin PBXNativeTarget section */
		F13C683E2668869D00738950 /* randomAnimation */ = {
			isa = PBXNativeTarget;
			buildConfigurationList = F13C68532668869E00738950 /* Build configuration list for PBXNativeTarget "randomAnimation" */;
			buildPhases = (
				760DEA964ED8EA270D187561 /* [CP] Check Pods Manifest.lock */,
				F13C683B2668869D00738950 /* Sources */,
				F13C683C2668869D00738950 /* Frameworks */,
				F13C683D2668869D00738950 /* Resources */,
				1AE8A0CFB5FCF9D8C0E16446 /* [CP] Embed Pods Frameworks */,
			);
			buildRules = (
			);
			dependencies = (
			);
			name = randomAnimation;
			productName = randomAnimation;
			productReference = F13C683F2668869D00738950 /* randomAnimation.app */;
			productType = "com.apple.product-type.application";
		};
/* End PBXNativeTarget section */

/* Begin PBXProject section */
		F13C68372668869D00738950 /* Project object */ = {
			isa = PBXProject;
			attributes = {
				LastSwiftUpdateCheck = 1250;
				LastUpgradeCheck = 1250;
				TargetAttributes = {
					F13C683E2668869D00738950 = {
						CreatedOnToolsVersion = 12.5;
					};
				};
			};
			buildConfigurationList = F13C683A2668869D00738950 /* Build configuration list for PBXProject "randomAnimation" */;
			compatibilityVersion = "Xcode 9.3";
			developmentRegion = en;
			hasScannedForEncodings = 0;
			knownRegions = (
				en,
				Base,
			);
			mainGroup = F13C68362668869D00738950;
			productRefGroup = F13C68402668869D00738950 /* Products */;
			projectDirPath = "";
			projectRoot = "";
			targets = (
				F13C683E2668869D00738950 /* randomAnimation */,
			);
		};
/* End PBXProject section */

/* Begin PBXResourcesBuildPhase section */
		F13C683D2668869D00738950 /* Resources */ = {
			isa = PBXResourcesBuildPhase;
			buildActionMask = 2147483647;
			files = (
				F13C684F2668869E00738950 /* LaunchScreen.storyboard in Resources */,
				F13C684C2668869E00738950 /* Assets.xcassets in Resources */,
				F13C684A2668869D00738950 /* Main.storyboard in Resources */,
			);
			runOnlyForDeploymentPostprocessing = 0;
		};
/* End PBXResourcesBuildPhase section */

/* Begin PBXShellScriptBuildPhase section */
		1AE8A0CFB5FCF9D8C0E16446 /* [CP] Embed Pods Frameworks */ = {
			isa = PBXShellScriptBuildPhase;
			buildActionMask = 2147483647;
			files = (
			);
			inputFileListPaths = (
				"${PODS_ROOT}/Target Support Files/Pods-randomAnimation/Pods-randomAnimation-frameworks-${CONFIGURATION}-input-files.xcfilelist",
			);
			name = "[CP] Embed Pods Frameworks";
			outputFileListPaths = (
				"${PODS_ROOT}/Target Support Files/Pods-randomAnimation/Pods-randomAnimation-frameworks-${CONFIGURATION}-output-files.xcfilelist",
			);
			runOnlyForDeploymentPostprocessing = 0;
			shellPath = /bin/sh;
			shellScript = "\"${PODS_ROOT}/Target Support Files/Pods-randomAnimation/Pods-randomAnimation-frameworks.sh\"\n";
			showEnvVarsInLog = 0;
		};
		760DEA964ED8EA270D187561 /* [CP] Check Pods Manifest.lock */ = {
			isa = PBXShellScriptBuildPhase;
			buildActionMask = 2147483647;
			files = (
			);
			inputFileListPaths = (
			);
			inputPaths = (
				"${PODS_PODFILE_DIR_PATH}/Podfile.lock",
				"${PODS_ROOT}/Manifest.lock",
			);
			name = "[CP] Check Pods Manifest.lock";
			outputFileListPaths = (
			);
			outputPaths = (
				"$(DERIVED_FILE_DIR)/Pods-randomAnimation-checkManifestLockResult.txt",
			);
			runOnlyForDeploymentPostprocessing = 0;
			shellPath = /bin/sh;
			shellScript = "diff \"${PODS_PODFILE_DIR_PATH}/Podfile.lock\" \"${PODS_ROOT}/Manifest.lock\" > /dev/null\nif [ $? != 0 ] ; then\n    # print error to STDERR\n    echo \"error: The sandbox is not in sync with the Podfile.lock. Run 'pod install' or update your CocoaPods installation.\" >&2\n    exit 1\nfi\n# This output is used by Xcode 'outputs' to avoid re-running this script phase.\necho \"SUCCESS\" > \"${SCRIPT_OUTPUT_FILE_0}\"\n";
			showEnvVarsInLog = 0;
		};
/* End PBXShellScriptBuildPhase section */

/* Begin PBXSourcesBuildPhase section */
		F13C683B2668869D00738950 /* Sources */ = {
			isa = PBXSourcesBuildPhase;
			buildActionMask = 2147483647;
			files = (
				F13C68472668869D00738950 /* ViewController.swift in Sources */,
				F13C68432668869D00738950 /* AppDelegate.swift in Sources */,
				F13C68452668869D00738950 /* SceneDelegate.swift in Sources */,
			);
			runOnlyForDeploymentPostprocessing = 0;
		};
/* End PBXSourcesBuildPhase section */

/* Begin PBXVariantGroup section */
		F13C68482668869D00738950 /* Main.storyboard */ = {
			isa = PBXVariantGroup;
			children = (
				F13C68492668869D00738950 /* Base */,
			);
			name = Main.storyboard;
			sourceTree = "<group>";
		};
		F13C684D2668869E00738950 /* LaunchScreen.storyboard */ = {
			isa = PBXVariantGroup;
			children = (
				F13C684E2668869E00738950 /* Base */,
			);
			name = LaunchScreen.storyboard;
			sourceTree = "<group>";
		};
/* End PBXVariantGroup section */

/* Begin XCBuildConfiguration section */
		F13C68512668869E00738950 /* Debug */ = {
			isa = XCBuildConfiguration;
			buildSettings = {
				ALWAYS_SEARCH_USER_PATHS = NO;
				CLANG_ANALYZER_NONNULL = YES;
				CLANG_ANALYZER_NUMBER_OBJECT_CONVERSION = YES_AGGRESSIVE;
				CLANG_CXX_LANGUAGE_STANDARD = "gnu++14";
				CLANG_CXX_LIBRARY = "libc++";
				CLANG_ENABLE_MODULES = YES;
				CLANG_ENABLE_OBJC_ARC = YES;
				CLANG_ENABLE_OBJC_WEAK = YES;
				CLANG_WARN_BLOCK_CAPTURE_AUTORELEASING = YES;
				CLANG_WARN_BOOL_CONVERSION = YES;
				CLANG_WARN_COMMA = YES;
				CLANG_WARN_CONSTANT_CONVERSION = YES;
				CLANG_WARN_DEPRECATED_OBJC_IMPLEMENTATIONS = YES;
				CLANG_WARN_DIRECT_OBJC_ISA_USAGE = YES_ERROR;
				CLANG_WARN_DOCUMENTATION_COMMENTS = YES;
				CLANG_WARN_EMPTY_BODY = YES;
				CLANG_WARN_ENUM_CONVERSION = YES;
				CLANG_WARN_INFINITE_RECURSION = YES;
				CLANG_WARN_INT_CONVERSION = YES;
				CLANG_WARN_NON_LITERAL_NULL_CONVERSION = YES;
				CLANG_WARN_OBJC_IMPLICIT_RETAIN_SELF = YES;
				CLANG_WARN_OBJC_LITERAL_CONVERSION = YES;
				CLANG_WARN_OBJC_ROOT_CLASS = YES_ERROR;
				CLANG_WARN_QUOTED_INCLUDE_IN_FRAMEWORK_HEADER = YES;
				CLANG_WARN_RANGE_LOOP_ANALYSIS = YES;
				CLANG_WARN_STRICT_PROTOTYPES = YES;
				CLANG_WARN_SUSPICIOUS_MOVE = YES;
				CLANG_WARN_UNGUARDED_AVAILABILITY = YES_AGGRESSIVE;
				CLANG_WARN_UNREACHABLE_CODE = YES;
				CLANG_WARN__DUPLICATE_METHOD_MATCH = YES;
				COPY_PHASE_STRIP = NO;
				DEBUG_INFORMATION_FORMAT = dwarf;
				ENABLE_STRICT_OBJC_MSGSEND = YES;
				ENABLE_TESTABILITY = YES;
				GCC_C_LANGUAGE_STANDARD = gnu11;
				GCC_DYNAMIC_NO_PIC = NO;
				GCC_NO_COMMON_BLOCKS = YES;
				GCC_OPTIMIZATION_LEVEL = 0;
				GCC_PREPROCESSOR_DEFINITIONS = (
					"DEBUG=1",
					"$(inherited)",
				);
				GCC_WARN_64_TO_32_BIT_CONVERSION = YES;
				GCC_WARN_ABOUT_RETURN_TYPE = YES_ERROR;
				GCC_WARN_UNDECLARED_SELECTOR = YES;
				GCC_WARN_UNINITIALIZED_AUTOS = YES_AGGRESSIVE;
				GCC_WARN_UNUSED_FUNCTION = YES;
				GCC_WARN_UNUSED_VARIABLE = YES;
				IPHONEOS_DEPLOYMENT_TARGET = 14.5;
				MTL_ENABLE_DEBUG_INFO = INCLUDE_SOURCE;
				MTL_FAST_MATH = YES;
				ONLY_ACTIVE_ARCH = YES;
				SDKROOT = iphoneos;
				SWIFT_ACTIVE_COMPILATION_CONDITIONS = DEBUG;
				SWIFT_OPTIMIZATION_LEVEL = "-Onone";
			};
			name = Debug;
		};
		F13C68522668869E00738950 /* Release */ = {
			isa = XCBuildConfiguration;
			buildSettings = {
				ALWAYS_SEARCH_USER_PATHS = NO;
				CLANG_ANALYZER_NONNULL = YES;
				CLANG_ANALYZER_NUMBER_OBJECT_CONVERSION = YES_AGGRESSIVE;
				CLANG_CXX_LANGUAGE_STANDARD = "gnu++14";
				CLANG_CXX_LIBRARY = "libc++";
				CLANG_ENABLE_MODULES = YES;
				CLANG_ENABLE_OBJC_ARC = YES;
				CLANG_ENABLE_OBJC_WEAK = YES;
				CLANG_WARN_BLOCK_CAPTURE_AUTORELEASING = YES;
				CLANG_WARN_BOOL_CONVERSION = YES;
				CLANG_WARN_COMMA = YES;
				CLANG_WARN_CONSTANT_CONVERSION = YES;
				CLANG_WARN_DEPRECATED_OBJC_IMPLEMENTATIONS = YES;
				CLANG_WARN_DIRECT_OBJC_ISA_USAGE = YES_ERROR;
				CLANG_WARN_DOCUMENTATION_COMMENTS = YES;
				CLANG_WARN_EMPTY_BODY = YES;
				CLANG_WARN_ENUM_CONVERSION = YES;
				CLANG_WARN_INFINITE_RECURSION = YES;
				CLANG_WARN_INT_CONVERSION = YES;
				CLANG_WARN_NON_LITERAL_NULL_CONVERSION = YES;
				CLANG_WARN_OBJC_IMPLICIT_RETAIN_SELF = YES;
				CLANG_WARN_OBJC_LITERAL_CONVERSION = YES;
				CLANG_WARN_OBJC_ROOT_CLASS = YES_ERROR;
				CLANG_WARN_QUOTED_INCLUDE_IN_FRAMEWORK_HEADER = YES;
				CLANG_WARN_RANGE_LOOP_ANALYSIS = YES;
				CLANG_WARN_STRICT_PROTOTYPES = YES;
				CLANG_WARN_SUSPICIOUS_MOVE = YES;
				CLANG_WARN_UNGUARDED_AVAILABILITY = YES_AGGRESSIVE;
				CLANG_WARN_UNREACHABLE_CODE = YES;
				CLANG_WARN__DUPLICATE_METHOD_MATCH = YES;
				COPY_PHASE_STRIP = NO;
				DEBUG_INFORMATION_FORMAT = "dwarf-with-dsym";
				ENABLE_NS_ASSERTIONS = NO;
				ENABLE_STRICT_OBJC_MSGSEND = YES;
				GCC_C_LANGUAGE_STANDARD = gnu11;
				GCC_NO_COMMON_BLOCKS = YES;
				GCC_WARN_64_TO_32_BIT_CONVERSION = YES;
				GCC_WARN_ABOUT_RETURN_TYPE = YES_ERROR;
				GCC_WARN_UNDECLARED_SELECTOR = YES;
				GCC_WARN_UNINITIALIZED_AUTOS = YES_AGGRESSIVE;
				GCC_WARN_UNUSED_FUNCTION = YES;
				GCC_WARN_UNUSED_VARIABLE = YES;
				IPHONEOS_DEPLOYMENT_TARGET = 14.5;
				MTL_ENABLE_DEBUG_INFO = NO;
				MTL_FAST_MATH = YES;
				SDKROOT = iphoneos;
				SWIFT_COMPILATION_MODE = wholemodule;
				SWIFT_OPTIMIZATION_LEVEL = "-O";
				VALIDATE_PRODUCT = YES;
			};
			name = Release;
		};
		F13C68542668869E00738950 /* Debug */ = {
			isa = XCBuildConfiguration;
			baseConfigurationReference = FBDF6E2A174EEDA7675B98CD /* Pods-randomAnimation.debug.xcconfig */;
			buildSettings = {
				ASSETCATALOG_COMPILER_APPICON_NAME = AppIcon;
				ASSETCATALOG_COMPILER_GLOBAL_ACCENT_COLOR_NAME = AccentColor;
				CODE_SIGN_STYLE = Automatic;
				DEVELOPMENT_TEAM = HW5V2H79D4;
				INFOPLIST_FILE = randomAnimation/Info.plist;
				LD_RUNPATH_SEARCH_PATHS = (
					"$(inherited)",
					"@executable_path/Frameworks",
				);
				PRODUCT_BUNDLE_IDENTIFIER = com.sergeyKosichkin.randomAnimation;
				PRODUCT_NAME = "$(TARGET_NAME)";
				SWIFT_VERSION = 5.0;
				TARGETED_DEVICE_FAMILY = "1,2";
			};
			name = Debug;
		};
		F13C68552668869E00738950 /* Release */ = {
			isa = XCBuildConfiguration;
			baseConfigurationReference = 8407293FD4F7C111919CD0F0 /* Pods-randomAnimation.release.xcconfig */;
			buildSettings = {
				ASSETCATALOG_COMPILER_APPICON_NAME = AppIcon;
				ASSETCATALOG_COMPILER_GLOBAL_ACCENT_COLOR_NAME = AccentColor;
				CODE_SIGN_STYLE = Automatic;
				DEVELOPMENT_TEAM = HW5V2H79D4;
				INFOPLIST_FILE = randomAnimation/Info.plist;
				LD_RUNPATH_SEARCH_PATHS = (
					"$(inherited)",
					"@executable_path/Frameworks",
				);
				PRODUCT_BUNDLE_IDENTIFIER = com.sergeyKosichkin.randomAnimation;
				PRODUCT_NAME = "$(TARGET_NAME)";
				SWIFT_VERSION = 5.0;
				TARGETED_DEVICE_FAMILY = "1,2";
			};
			name = Release;
		};
/* End XCBuildConfiguration section */

/* Begin XCConfigurationList section */
		F13C683A2668869D00738950 /* Build configuration list for PBXProject "randomAnimation" */ = {
			isa = XCConfigurationList;
			buildConfigurations = (
				F13C68512668869E00738950 /* Debug */,
				F13C68522668869E00738950 /* Release */,
			);
			defaultConfigurationIsVisible = 0;
			defaultConfigurationName = Release;
		};
		F13C68532668869E00738950 /* Build configuration list for PBXNativeTarget "randomAnimation" */ = {
			isa = XCConfigurationList;
			buildConfigurations = (
				F13C68542668869E00738950 /* Debug */,
				F13C68552668869E00738950 /* Release */,
			);
			defaultConfigurationIsVisible = 0;
			defaultConfigurationName = Release;
		};
/* End XCConfigurationList section */
	};
	rootObject = F13C68372668869D00738950 /* Project object */;
}
